// !$*UTF8*$!
{
	archiveVersion = 1;
	classes = {
	};
	objectVersion = 50;
	objects = {

/* Begin PBXBuildFile section */
		ABA0A70022362A1E00303B02 /* AppDelegate.swift in Sources */ = {isa = PBXBuildFile; fileRef = ABA0A6FF22362A1E00303B02 /* AppDelegate.swift */; };
		ABA0A70222362A1E00303B02 /* ViewController.swift in Sources */ = {isa = PBXBuildFile; fileRef = ABA0A70122362A1E00303B02 /* ViewController.swift */; };
		ABA0A70522362A1E00303B02 /* Main.storyboard in Resources */ = {isa = PBXBuildFile; fileRef = ABA0A70322362A1E00303B02 /* Main.storyboard */; };
		ABA0A70722362A1E00303B02 /* Assets.xcassets in Resources */ = {isa = PBXBuildFile; fileRef = ABA0A70622362A1E00303B02 /* Assets.xcassets */; };
		ABA0A70A22362A1E00303B02 /* LaunchScreen.storyboard in Resources */ = {isa = PBXBuildFile; fileRef = ABA0A70822362A1E00303B02 /* LaunchScreen.storyboard */; };
		ABA0A71222362C5900303B02 /* ProcessViewController.swift in Sources */ = {isa = PBXBuildFile; fileRef = ABA0A71122362C5900303B02 /* ProcessViewController.swift */; };
/* End PBXBuildFile section */

/* Begin PBXFileReference section */
		ABA0A6FC22362A1E00303B02 /* VisionKitHack.app */ = {isa = PBXFileReference; explicitFileType = wrapper.application; includeInIndex = 0; path = VisionKitHack.app; sourceTree = BUILT_PRODUCTS_DIR; };
		ABA0A6FF22362A1E00303B02 /* AppDelegate.swift */ = {isa = PBXFileReference; lastKnownFileType = sourcecode.swift; path = AppDelegate.swift; sourceTree = "<group>"; };
		ABA0A70122362A1E00303B02 /* ViewController.swift */ = {isa = PBXFileReference; lastKnownFileType = sourcecode.swift; path = ViewController.swift; sourceTree = "<group>"; };
		ABA0A70422362A1E00303B02 /* Base */ = {isa = PBXFileReference; lastKnownFileType = file.storyboard; name = Base; path = Base.lproj/Main.storyboard; sourceTree = "<group>"; };
		ABA0A70622362A1E00303B02 /* Assets.xcassets */ = {isa = PBXFileReference; lastKnownFileType = folder.assetcatalog; path = Assets.xcassets; sourceTree = "<group>"; };
		ABA0A70922362A1E00303B02 /* Base */ = {isa = PBXFileReference; lastKnownFileType = file.storyboard; name = Base; path = Base.lproj/LaunchScreen.storyboard; sourceTree = "<group>"; };
		ABA0A70B22362A1E00303B02 /* Info.plist */ = {isa = PBXFileReference; lastKnownFileType = text.plist.xml; path = Info.plist; sourceTree = "<group>"; };
		ABA0A71122362C5900303B02 /* ProcessViewController.swift */ = {isa = PBXFileReference; lastKnownFileType = sourcecode.swift; path = ProcessViewController.swift; sourceTree = "<group>"; };
/* End PBXFileReference section */

/* Begin PBXFrameworksBuildPhase section */
		ABA0A6F922362A1E00303B02 /* Frameworks */ = {
			isa = PBXFrameworksBuildPhase;
			buildActionMask = 2147483647;
			files = (
			);
			runOnlyForDeploymentPostprocessing = 0;
		};
/* End PBXFrameworksBuildPhase section */

/* Begin PBXGroup section */
		ABA0A6F322362A1E00303B02 = {
			isa = PBXGroup;
			children = (
				ABA0A6FE22362A1E00303B02 /* VisionKitHack */,
				ABA0A6FD22362A1E00303B02 /* Products */,
			);
			sourceTree = "<group>";
		};
		ABA0A6FD22362A1E00303B02 /* Products */ = {
			isa = PBXGroup;
			children = (
				ABA0A6FC22362A1E00303B02 /* VisionKitHack.app */,
			);
			name = Products;
			sourceTree = "<group>";
		};
		ABA0A6FE22362A1E00303B02 /* VisionKitHack */ = {
			isa = PBXGroup;
			children = (
				ABA0A6FF22362A1E00303B02 /* AppDelegate.swift */,
				ABA0A70122362A1E00303B02 /* ViewController.swift */,
				ABA0A71122362C5900303B02 /* ProcessViewController.swift */,
				ABA0A70322362A1E00303B02 /* Main.storyboard */,
				ABA0A70622362A1E00303B02 /* Assets.xcassets */,
				ABA0A70822362A1E00303B02 /* LaunchScreen.storyboard */,
				ABA0A70B22362A1E00303B02 /* Info.plist */,
			);
			path = VisionKitHack;
			sourceTree = "<group>";
		};
/* End PBXGroup section */

/* Begin PBXNativeTarget section */
		ABA0A6FB22362A1E00303B02 /* VisionKitHack */ = {
			isa = PBXNativeTarget;
			buildConfigurationList = ABA0A70E22362A1E00303B02 /* Build configuration list for PBXNativeTarget "VisionKitHack" */;
			buildPhases = (
				ABA0A6F822362A1E00303B02 /* Sources */,
				ABA0A6F922362A1E00303B02 /* Frameworks */,
				ABA0A6FA22362A1E00303B02 /* Resources */,
			);
			buildRules = (
			);
			dependencies = (
			);
			name = VisionKitHack;
			productName = VisionKitHack;
			productReference = ABA0A6FC22362A1E00303B02 /* VisionKitHack.app */;
			productType = "com.apple.product-type.application";
		};
/* End PBXNativeTarget section */

/* Begin PBXProject section */
		ABA0A6F422362A1E00303B02 /* Project object */ = {
			isa = PBXProject;
			attributes = {
				LastSwiftUpdateCheck = 1010;
				LastUpgradeCheck = 1010;
				ORGANIZATIONNAME = "Prateek Sharma";
				TargetAttributes = {
					ABA0A6FB22362A1E00303B02 = {
						CreatedOnToolsVersion = 10.1;
					};
				};
			};
			buildConfigurationList = ABA0A6F722362A1E00303B02 /* Build configuration list for PBXProject "VisionKitHack" */;
			compatibilityVersion = "Xcode 9.3";
			developmentRegion = en;
			hasScannedForEncodings = 0;
			knownRegions = (
				en,
				Base,
			);
			mainGroup = ABA0A6F322362A1E00303B02;
			productRefGroup = ABA0A6FD22362A1E00303B02 /* Products */;
			projectDirPath = "";
			projectRoot = "";
			targets = (
				ABA0A6FB22362A1E00303B02 /* VisionKitHack */,
			);
		};
/* End PBXProject section */

/* Begin PBXResourcesBuildPhase section */
		ABA0A6FA22362A1E00303B02 /* Resources */ = {
			isa = PBXResourcesBuildPhase;
			buildActionMask = 2147483647;
			files = (
				ABA0A70A22362A1E00303B02 /* LaunchScreen.storyboard in Resources */,
				ABA0A70722362A1E00303B02 /* Assets.xcassets in Resources */,
				ABA0A70522362A1E00303B02 /* Main.storyboard in Resources */,
			);
			runOnlyForDeploymentPostprocessing = 0;
		};
/* End PBXResourcesBuildPhase section */

/* Begin PBXSourcesBuildPhase section */
		ABA0A6F822362A1E00303B02 /* Sources */ = {
			isa = PBXSourcesBuildPhase;
			buildActionMask = 2147483647;
			files = (
				ABA0A70222362A1E00303B02 /* ViewController.swift in Sources */,
				ABA0A70022362A1E00303B02 /* AppDelegate.swift in Sources */,
				ABA0A71222362C5900303B02 /* ProcessViewController.swift in Sources */,
			);
			runOnlyForDeploymentPostprocessing = 0;
		};
/* End PBXSourcesBuildPhase section */

/* Begin PBXVariantGroup section */
		ABA0A70322362A1E00303B02 /* Main.storyboard */ = {
			isa = PBXVariantGroup;
			children = (
				ABA0A70422362A1E00303B02 /* Base */,
			);
			name = Main.storyboard;
			sourceTree = "<group>";
		};
		ABA0A70822362A1E00303B02 /* LaunchScreen.storyboard */ = {
			isa = PBXVariantGroup;
			children = (
				ABA0A70922362A1E00303B02 /* Base */,
			);
			name = LaunchScreen.storyboard;
			sourceTree = "<group>";
		};
/* End PBXVariantGroup section */

/* Begin XCBuildConfiguration section */
		ABA0A70C22362A1E00303B02 /* Debug */ = {
			isa = XCBuildConfiguration;
			buildSettings = {
				ALWAYS_SEARCH_USER_PATHS = NO;
				CLANG_ANALYZER_NONNULL = YES;
				CLANG_ANALYZER_NUMBER_OBJECT_CONVERSION = YES_AGGRESSIVE;
				CLANG_CXX_LANGUAGE_STANDARD = "gnu++14";
				CLANG_CXX_LIBRARY = "libc++";
				CLANG_ENABLE_MODULES = YES;
				CLANG_ENABLE_OBJC_ARC = YES;
				CLANG_ENABLE_OBJC_WEAK = YES;
				CLANG_WARN_BLOCK_CAPTURE_AUTORELEASING = YES;
				CLANG_WARN_BOOL_CONVERSION = YES;
				CLANG_WARN_COMMA = YES;
				CLANG_WARN_CONSTANT_CONVERSION = YES;
				CLANG_WARN_DEPRECATED_OBJC_IMPLEMENTATIONS = YES;
				CLANG_WARN_DIRECT_OBJC_ISA_USAGE = YES_ERROR;
				CLANG_WARN_DOCUMENTATION_COMMENTS = YES;
				CLANG_WARN_EMPTY_BODY = YES;
				CLANG_WARN_ENUM_CONVERSION = YES;
				CLANG_WARN_INFINITE_RECURSION = YES;
				CLANG_WARN_INT_CONVERSION = YES;
				CLANG_WARN_NON_LITERAL_NULL_CONVERSION = YES;
				CLANG_WARN_OBJC_IMPLICIT_RETAIN_SELF = YES;
				CLANG_WARN_OBJC_LITERAL_CONVERSION = YES;
				CLANG_WARN_OBJC_ROOT_CLASS = YES_ERROR;
				CLANG_WARN_RANGE_LOOP_ANALYSIS = YES;
				CLANG_WARN_STRICT_PROTOTYPES = YES;
				CLANG_WARN_SUSPICIOUS_MOVE = YES;
				CLANG_WARN_UNGUARDED_AVAILABILITY = YES_AGGRESSIVE;
				CLANG_WARN_UNREACHABLE_CODE = YES;
				CLANG_WARN__DUPLICATE_METHOD_MATCH = YES;
				CODE_SIGN_IDENTITY = "iPhone Developer";
				COPY_PHASE_STRIP = NO;
				DEBUG_INFORMATION_FORMAT = dwarf;
				ENABLE_STRICT_OBJC_MSGSEND = YES;
				ENABLE_TESTABILITY = YES;
				GCC_C_LANGUAGE_STANDARD = gnu11;
				GCC_DYNAMIC_NO_PIC = NO;
				GCC_NO_COMMON_BLOCKS = YES;
				GCC_OPTIMIZATION_LEVEL = 0;
				GCC_PREPROCESSOR_DEFINITIONS = (
					"DEBUG=1",
					"$(inherited)",
				);
				GCC_WARN_64_TO_32_BIT_CONVERSION = YES;
				GCC_WARN_ABOUT_RETURN_TYPE = YES_ERROR;
				GCC_WARN_UNDECLARED_SELECTOR = YES;
				GCC_WARN_UNINITIALIZED_AUTOS = YES_AGGRESSIVE;
				GCC_WARN_UNUSED_FUNCTION = YES;
				GCC_WARN_UNUSED_VARIABLE = YES;
				IPHONEOS_DEPLOYMENT_TARGET = 12.1;
				MTL_ENABLE_DEBUG_INFO = INCLUDE_SOURCE;
				MTL_FAST_MATH = YES;
				ONLY_ACTIVE_ARCH = YES;
				SDKROOT = iphoneos;
				SWIFT_ACTIVE_COMPILATION_CONDITIONS = DEBUG;
				SWIFT_OPTIMIZATION_LEVEL = "-Onone";
			};
			name = Debug;
		};
		ABA0A70D22362A1E00303B02 /* Release */ = {
			isa = XCBuildConfiguration;
			buildSettings = {
				ALWAYS_SEARCH_USER_PATHS = NO;
				CLANG_ANALYZER_NONNULL = YES;
				CLANG_ANALYZER_NUMBER_OBJECT_CONVERSION = YES_AGGRESSIVE;
				CLANG_CXX_LANGUAGE_STANDARD = "gnu++14";
				CLANG_CXX_LIBRARY = "libc++";
				CLANG_ENABLE_MODULES = YES;
				CLANG_ENABLE_OBJC_ARC = YES;
				CLANG_ENABLE_OBJC_WEAK = YES;
				CLANG_WARN_BLOCK_CAPTURE_AUTORELEASING = YES;
				CLANG_WARN_BOOL_CONVERSION = YES;
				CLANG_WARN_COMMA = YES;
				CLANG_WARN_CONSTANT_CONVERSION = YES;
				CLANG_WARN_DEPRECATED_OBJC_IMPLEMENTATIONS = YES;
				CLANG_WARN_DIRECT_OBJC_ISA_USAGE = YES_ERROR;
				CLANG_WARN_DOCUMENTATION_COMMENTS = YES;
				CLANG_WARN_EMPTY_BODY = YES;
				CLANG_WARN_ENUM_CONVERSION = YES;
				CLANG_WARN_INFINITE_RECURSION = YES;
				CLANG_WARN_INT_CONVERSION = YES;
				CLANG_WARN_NON_LITERAL_NULL_CONVERSION = YES;
				CLANG_WARN_OBJC_IMPLICIT_RETAIN_SELF = YES;
				CLANG_WARN_OBJC_LITERAL_CONVERSION = YES;
				CLANG_WARN_OBJC_ROOT_CLASS = YES_ERROR;
				CLANG_WARN_RANGE_LOOP_ANALYSIS = YES;
				CLANG_WARN_STRICT_PROTOTYPES = YES;
				CLANG_WARN_SUSPICIOUS_MOVE = YES;
				CLANG_WARN_UNGUARDED_AVAILABILITY = YES_AGGRESSIVE;
				CLANG_WARN_UNREACHABLE_CODE = YES;
				CLANG_WARN__DUPLICATE_METHOD_MATCH = YES;
				CODE_SIGN_IDENTITY = "iPhone Developer";
				COPY_PHASE_STRIP = NO;
				DEBUG_INFORMATION_FORMAT = "dwarf-with-dsym";
				ENABLE_NS_ASSERTIONS = NO;
				ENABLE_STRICT_OBJC_MSGSEND = YES;
				GCC_C_LANGUAGE_STANDARD = gnu11;
				GCC_NO_COMMON_BLOCKS = YES;
				GCC_WARN_64_TO_32_BIT_CONVERSION = YES;
				GCC_WARN_ABOUT_RETURN_TYPE = YES_ERROR;
				GCC_WARN_UNDECLARED_SELECTOR = YES;
				GCC_WARN_UNINITIALIZED_AUTOS = YES_AGGRESSIVE;
				GCC_WARN_UNUSED_FUNCTION = YES;
				GCC_WARN_UNUSED_VARIABLE = YES;
				IPHONEOS_DEPLOYMENT_TARGET = 12.1;
				MTL_ENABLE_DEBUG_INFO = NO;
				MTL_FAST_MATH = YES;
				SDKROOT = iphoneos;
				SWIFT_COMPILATION_MODE = wholemodule;
				SWIFT_OPTIMIZATION_LEVEL = "-O";
				VALIDATE_PRODUCT = YES;
			};
			name = Release;
		};
		ABA0A70F22362A1E00303B02 /* Debug */ = {
			isa = XCBuildConfiguration;
			buildSettings = {
				ASSETCATALOG_COMPILER_APPICON_NAME = AppIcon;
				CODE_SIGN_STYLE = Automatic;
				DEVELOPMENT_TEAM = 754Y5932HF;
				INFOPLIST_FILE = VisionKitHack/Info.plist;
				LD_RUNPATH_SEARCH_PATHS = (
					"$(inherited)",
					"@executable_path/Frameworks",
				);
				PRODUCT_BUNDLE_IDENTIFIER = bingo.prat14k.VisionKitHack;
				PRODUCT_NAME = "$(TARGET_NAME)";
				SWIFT_VERSION = 4.2;
				TARGETED_DEVICE_FAMILY = "1,2";
			};
			name = Debug;
		};
		ABA0A71022362A1E00303B02 /* Release */ = {
			isa = XCBuildConfiguration;
			buildSettings = {
				ASSETCATALOG_COMPILER_APPICON_NAME = AppIcon;
				CODE_SIGN_STYLE = Automatic;
				DEVELOPMENT_TEAM = 754Y5932HF;
				INFOPLIST_FILE = VisionKitHack/Info.plist;
				LD_RUNPATH_SEARCH_PATHS = (
					"$(inherited)",
					"@executable_path/Frameworks",
				);
				PRODUCT_BUNDLE_IDENTIFIER = bingo.prat14k.VisionKitHack;
				PRODUCT_NAME = "$(TARGET_NAME)";
				SWIFT_VERSION = 4.2;
				TARGETED_DEVICE_FAMILY = "1,2";
			};
			name = Release;
		};
/* End XCBuildConfiguration section */

/* Begin XCConfigurationList section */
		ABA0A6F722362A1E00303B02 /* Build configuration list for PBXProject "VisionKitHack" */ = {
			isa = XCConfigurationList;
			buildConfigurations = (
				ABA0A70C22362A1E00303B02 /* Debug */,
				ABA0A70D22362A1E00303B02 /* Release */,
			);
			defaultConfigurationIsVisible = 0;
			defaultConfigurationName = Release;
		};
		ABA0A70E22362A1E00303B02 /* Build configuration list for PBXNativeTarget "VisionKitHack" */ = {
			isa = XCConfigurationList;
			buildConfigurations = (
				ABA0A70F22362A1E00303B02 /* Debug */,
				ABA0A71022362A1E00303B02 /* Release */,
			);
			defaultConfigurationIsVisible = 0;
			defaultConfigurationName = Release;
		};
/* End XCConfigurationList section */
	};
	rootObject = ABA0A6F422362A1E00303B02 /* Project object */;
}
