// !$*UTF8*$!
{
	archiveVersion = 1;
	classes = {
	};
	objectVersion = 50;
	objects = {

/* Begin PBXBuildFile section */
		7E5F0A2B757D1B8C2E38882B /* Pods_FaceFeatureApp.framework in Frameworks */ = {isa = PBXBuildFile; fileRef = 37843198D0C16B7F10B375E5 /* Pods_FaceFeatureApp.framework */; };
		ABB5DBF1223114560034A145 /* AppDelegate.swift in Sources */ = {isa = PBXBuildFile; fileRef = ABB5DBF0223114560034A145 /* AppDelegate.swift */; };
		ABB5DBF3223114560034A145 /* ViewController.swift in Sources */ = {isa = PBXBuildFile; fileRef = ABB5DBF2223114560034A145 /* ViewController.swift */; };
		ABB5DBF6223114560034A145 /* Main.storyboard in Resources */ = {isa = PBXBuildFile; fileRef = ABB5DBF4223114560034A145 /* Main.storyboard */; };
		ABB5DBF8223114570034A145 /* Assets.xcassets in Resources */ = {isa = PBXBuildFile; fileRef = ABB5DBF7223114570034A145 /* Assets.xcassets */; };
		ABB5DBFB223114570034A145 /* LaunchScreen.storyboard in Resources */ = {isa = PBXBuildFile; fileRef = ABB5DBF9223114570034A145 /* LaunchScreen.storyboard */; };
/* End PBXBuildFile section */

/* Begin PBXFileReference section */
		37843198D0C16B7F10B375E5 /* Pods_FaceFeatureApp.framework */ = {isa = PBXFileReference; explicitFileType = wrapper.framework; includeInIndex = 0; path = Pods_FaceFeatureApp.framework; sourceTree = BUILT_PRODUCTS_DIR; };
		5958DEEADE0CAEB29FCDF5BE /* Pods-FaceFeatureApp.debug.xcconfig */ = {isa = PBXFileReference; includeInIndex = 1; lastKnownFileType = text.xcconfig; name = "Pods-FaceFeatureApp.debug.xcconfig"; path = "Target Support Files/Pods-FaceFeatureApp/Pods-FaceFeatureApp.debug.xcconfig"; sourceTree = "<group>"; };
		ABB5DBED223114560034A145 /* FaceFeatureApp.app */ = {isa = PBXFileReference; explicitFileType = wrapper.application; includeInIndex = 0; path = FaceFeatureApp.app; sourceTree = BUILT_PRODUCTS_DIR; };
		ABB5DBF0223114560034A145 /* AppDelegate.swift */ = {isa = PBXFileReference; lastKnownFileType = sourcecode.swift; path = AppDelegate.swift; sourceTree = "<group>"; };
		ABB5DBF2223114560034A145 /* ViewController.swift */ = {isa = PBXFileReference; lastKnownFileType = sourcecode.swift; path = ViewController.swift; sourceTree = "<group>"; };
		ABB5DBF5223114560034A145 /* Base */ = {isa = PBXFileReference; lastKnownFileType = file.storyboard; name = Base; path = Base.lproj/Main.storyboard; sourceTree = "<group>"; };
		ABB5DBF7223114570034A145 /* Assets.xcassets */ = {isa = PBXFileReference; lastKnownFileType = folder.assetcatalog; path = Assets.xcassets; sourceTree = "<group>"; };
		ABB5DBFA223114570034A145 /* Base */ = {isa = PBXFileReference; lastKnownFileType = file.storyboard; name = Base; path = Base.lproj/LaunchScreen.storyboard; sourceTree = "<group>"; };
		ABB5DBFC223114570034A145 /* Info.plist */ = {isa = PBXFileReference; lastKnownFileType = text.plist.xml; path = Info.plist; sourceTree = "<group>"; };
		BFA733F50A26AC41217E47C9 /* Pods-FaceFeatureApp.release.xcconfig */ = {isa = PBXFileReference; includeInIndex = 1; lastKnownFileType = text.xcconfig; name = "Pods-FaceFeatureApp.release.xcconfig"; path = "Target Support Files/Pods-FaceFeatureApp/Pods-FaceFeatureApp.release.xcconfig"; sourceTree = "<group>"; };
/* End PBXFileReference section */

/* Begin PBXFrameworksBuildPhase section */
		ABB5DBEA223114560034A145 /* Frameworks */ = {
			isa = PBXFrameworksBuildPhase;
			buildActionMask = 2147483647;
			files = (
				7E5F0A2B757D1B8C2E38882B /* Pods_FaceFeatureApp.framework in Frameworks */,
			);
			runOnlyForDeploymentPostprocessing = 0;
		};
/* End PBXFrameworksBuildPhase section */

/* Begin PBXGroup section */
		789360557D3CD6957ABB61AB /* Pods */ = {
			isa = PBXGroup;
			children = (
				5958DEEADE0CAEB29FCDF5BE /* Pods-FaceFeatureApp.debug.xcconfig */,
				BFA733F50A26AC41217E47C9 /* Pods-FaceFeatureApp.release.xcconfig */,
			);
			name = Pods;
			path = Pods;
			sourceTree = "<group>";
		};
		ABB5DBE4223114560034A145 = {
			isa = PBXGroup;
			children = (
				ABB5DBEF223114560034A145 /* FaceFeatureApp */,
				ABB5DBEE223114560034A145 /* Products */,
				789360557D3CD6957ABB61AB /* Pods */,
				D2876B3EEC1371817E40A6B3 /* Frameworks */,
			);
			sourceTree = "<group>";
		};
		ABB5DBEE223114560034A145 /* Products */ = {
			isa = PBXGroup;
			children = (
				ABB5DBED223114560034A145 /* FaceFeatureApp.app */,
			);
			name = Products;
			sourceTree = "<group>";
		};
		ABB5DBEF223114560034A145 /* FaceFeatureApp */ = {
			isa = PBXGroup;
			children = (
				ABB5DBF0223114560034A145 /* AppDelegate.swift */,
				ABB5DBF2223114560034A145 /* ViewController.swift */,
				ABB5DBF4223114560034A145 /* Main.storyboard */,
				ABB5DBF7223114570034A145 /* Assets.xcassets */,
				ABB5DBF9223114570034A145 /* LaunchScreen.storyboard */,
				ABB5DBFC223114570034A145 /* Info.plist */,
			);
			path = FaceFeatureApp;
			sourceTree = "<group>";
		};
		D2876B3EEC1371817E40A6B3 /* Frameworks */ = {
			isa = PBXGroup;
			children = (
				37843198D0C16B7F10B375E5 /* Pods_FaceFeatureApp.framework */,
			);
			name = Frameworks;
			sourceTree = "<group>";
		};
/* End PBXGroup section */

/* Begin PBXNativeTarget section */
		ABB5DBEC223114560034A145 /* FaceFeatureApp */ = {
			isa = PBXNativeTarget;
			buildConfigurationList = ABB5DBFF223114570034A145 /* Build configuration list for PBXNativeTarget "FaceFeatureApp" */;
			buildPhases = (
				BC2FB30062DB27806613E8E9 /* [CP] Check Pods Manifest.lock */,
				ABB5DBE9223114560034A145 /* Sources */,
				ABB5DBEA223114560034A145 /* Frameworks */,
				ABB5DBEB223114560034A145 /* Resources */,
				4A65379DE981F8C4C8F53033 /* [CP] Embed Pods Frameworks */,
			);
			buildRules = (
			);
			dependencies = (
			);
			name = FaceFeatureApp;
			productName = FaceFeatureApp;
			productReference = ABB5DBED223114560034A145 /* FaceFeatureApp.app */;
			productType = "com.apple.product-type.application";
		};
/* End PBXNativeTarget section */

/* Begin PBXProject section */
		ABB5DBE5223114560034A145 /* Project object */ = {
			isa = PBXProject;
			attributes = {
				LastSwiftUpdateCheck = 1010;
				LastUpgradeCheck = 1010;
				ORGANIZATIONNAME = "Prateek Sharma";
				TargetAttributes = {
					ABB5DBEC223114560034A145 = {
						CreatedOnToolsVersion = 10.1;
					};
				};
			};
			buildConfigurationList = ABB5DBE8223114560034A145 /* Build configuration list for PBXProject "FaceFeatureApp" */;
			compatibilityVersion = "Xcode 9.3";
			developmentRegion = en;
			hasScannedForEncodings = 0;
			knownRegions = (
				en,
				Base,
			);
			mainGroup = ABB5DBE4223114560034A145;
			productRefGroup = ABB5DBEE223114560034A145 /* Products */;
			projectDirPath = "";
			projectRoot = "";
			targets = (
				ABB5DBEC223114560034A145 /* FaceFeatureApp */,
			);
		};
/* End PBXProject section */

/* Begin PBXResourcesBuildPhase section */
		ABB5DBEB223114560034A145 /* Resources */ = {
			isa = PBXResourcesBuildPhase;
			buildActionMask = 2147483647;
			files = (
				ABB5DBFB223114570034A145 /* LaunchScreen.storyboard in Resources */,
				ABB5DBF8223114570034A145 /* Assets.xcassets in Resources */,
				ABB5DBF6223114560034A145 /* Main.storyboard in Resources */,
			);
			runOnlyForDeploymentPostprocessing = 0;
		};
/* End PBXResourcesBuildPhase section */

/* Begin PBXShellScriptBuildPhase section */
		4A65379DE981F8C4C8F53033 /* [CP] Embed Pods Frameworks */ = {
			isa = PBXShellScriptBuildPhase;
			buildActionMask = 2147483647;
			files = (
			);
			inputFileListPaths = (
			);
			inputPaths = (
				"${PODS_ROOT}/Target Support Files/Pods-FaceFeatureApp/Pods-FaceFeatureApp-frameworks.sh",
				"${BUILT_PRODUCTS_DIR}/GPUImage/GPUImage.framework",
				"${BUILT_PRODUCTS_DIR}/YUGPUImageHighPassSkinSmoothing/YUGPUImageHighPassSkinSmoothing.framework",
			);
			name = "[CP] Embed Pods Frameworks";
			outputFileListPaths = (
			);
			outputPaths = (
				"${TARGET_BUILD_DIR}/${FRAMEWORKS_FOLDER_PATH}/GPUImage.framework",
				"${TARGET_BUILD_DIR}/${FRAMEWORKS_FOLDER_PATH}/YUGPUImageHighPassSkinSmoothing.framework",
			);
			runOnlyForDeploymentPostprocessing = 0;
			shellPath = /bin/sh;
			shellScript = "\"${PODS_ROOT}/Target Support Files/Pods-FaceFeatureApp/Pods-FaceFeatureApp-frameworks.sh\"\n";
			showEnvVarsInLog = 0;
		};
		BC2FB30062DB27806613E8E9 /* [CP] Check Pods Manifest.lock */ = {
			isa = PBXShellScriptBuildPhase;
			buildActionMask = 2147483647;
			files = (
			);
			inputFileListPaths = (
			);
			inputPaths = (
				"${PODS_PODFILE_DIR_PATH}/Podfile.lock",
				"${PODS_ROOT}/Manifest.lock",
			);
			name = "[CP] Check Pods Manifest.lock";
			outputFileListPaths = (
			);
			outputPaths = (
				"$(DERIVED_FILE_DIR)/Pods-FaceFeatureApp-checkManifestLockResult.txt",
			);
			runOnlyForDeploymentPostprocessing = 0;
			shellPath = /bin/sh;
			shellScript = "diff \"${PODS_PODFILE_DIR_PATH}/Podfile.lock\" \"${PODS_ROOT}/Manifest.lock\" > /dev/null\nif [ $? != 0 ] ; then\n    # print error to STDERR\n    echo \"error: The sandbox is not in sync with the Podfile.lock. Run 'pod install' or update your CocoaPods installation.\" >&2\n    exit 1\nfi\n# This output is used by Xcode 'outputs' to avoid re-running this script phase.\necho \"SUCCESS\" > \"${SCRIPT_OUTPUT_FILE_0}\"\n";
			showEnvVarsInLog = 0;
		};
/* End PBXShellScriptBuildPhase section */

/* Begin PBXSourcesBuildPhase section */
		ABB5DBE9223114560034A145 /* Sources */ = {
			isa = PBXSourcesBuildPhase;
			buildActionMask = 2147483647;
			files = (
				ABB5DBF3223114560034A145 /* ViewController.swift in Sources */,
				ABB5DBF1223114560034A145 /* AppDelegate.swift in Sources */,
			);
			runOnlyForDeploymentPostprocessing = 0;
		};
/* End PBXSourcesBuildPhase section */

/* Begin PBXVariantGroup section */
		ABB5DBF4223114560034A145 /* Main.storyboard */ = {
			isa = PBXVariantGroup;
			children = (
				ABB5DBF5223114560034A145 /* Base */,
			);
			name = Main.storyboard;
			sourceTree = "<group>";
		};
		ABB5DBF9223114570034A145 /* LaunchScreen.storyboard */ = {
			isa = PBXVariantGroup;
			children = (
				ABB5DBFA223114570034A145 /* Base */,
			);
			name = LaunchScreen.storyboard;
			sourceTree = "<group>";
		};
/* End PBXVariantGroup section */

/* Begin XCBuildConfiguration section */
		ABB5DBFD223114570034A145 /* Debug */ = {
			isa = XCBuildConfiguration;
			buildSettings = {
				ALWAYS_SEARCH_USER_PATHS = NO;
				CLANG_ANALYZER_NONNULL = YES;
				CLANG_ANALYZER_NUMBER_OBJECT_CONVERSION = YES_AGGRESSIVE;
				CLANG_CXX_LANGUAGE_STANDARD = "gnu++14";
				CLANG_CXX_LIBRARY = "libc++";
				CLANG_ENABLE_MODULES = YES;
				CLANG_ENABLE_OBJC_ARC = YES;
				CLANG_ENABLE_OBJC_WEAK = YES;
				CLANG_WARN_BLOCK_CAPTURE_AUTORELEASING = YES;
				CLANG_WARN_BOOL_CONVERSION = YES;
				CLANG_WARN_COMMA = YES;
				CLANG_WARN_CONSTANT_CONVERSION = YES;
				CLANG_WARN_DEPRECATED_OBJC_IMPLEMENTATIONS = YES;
				CLANG_WARN_DIRECT_OBJC_ISA_USAGE = YES_ERROR;
				CLANG_WARN_DOCUMENTATION_COMMENTS = YES;
				CLANG_WARN_EMPTY_BODY = YES;
				CLANG_WARN_ENUM_CONVERSION = YES;
				CLANG_WARN_INFINITE_RECURSION = YES;
				CLANG_WARN_INT_CONVERSION = YES;
				CLANG_WARN_NON_LITERAL_NULL_CONVERSION = YES;
				CLANG_WARN_OBJC_IMPLICIT_RETAIN_SELF = YES;
				CLANG_WARN_OBJC_LITERAL_CONVERSION = YES;
				CLANG_WARN_OBJC_ROOT_CLASS = YES_ERROR;
				CLANG_WARN_RANGE_LOOP_ANALYSIS = YES;
				CLANG_WARN_STRICT_PROTOTYPES = YES;
				CLANG_WARN_SUSPICIOUS_MOVE = YES;
				CLANG_WARN_UNGUARDED_AVAILABILITY = YES_AGGRESSIVE;
				CLANG_WARN_UNREACHABLE_CODE = YES;
				CLANG_WARN__DUPLICATE_METHOD_MATCH = YES;
				CODE_SIGN_IDENTITY = "iPhone Developer";
				COPY_PHASE_STRIP = NO;
				DEBUG_INFORMATION_FORMAT = dwarf;
				ENABLE_STRICT_OBJC_MSGSEND = YES;
				ENABLE_TESTABILITY = YES;
				GCC_C_LANGUAGE_STANDARD = gnu11;
				GCC_DYNAMIC_NO_PIC = NO;
				GCC_NO_COMMON_BLOCKS = YES;
				GCC_OPTIMIZATION_LEVEL = 0;
				GCC_PREPROCESSOR_DEFINITIONS = (
					"DEBUG=1",
					"$(inherited)",
				);
				GCC_WARN_64_TO_32_BIT_CONVERSION = YES;
				GCC_WARN_ABOUT_RETURN_TYPE = YES_ERROR;
				GCC_WARN_UNDECLARED_SELECTOR = YES;
				GCC_WARN_UNINITIALIZED_AUTOS = YES_AGGRESSIVE;
				GCC_WARN_UNUSED_FUNCTION = YES;
				GCC_WARN_UNUSED_VARIABLE = YES;
				IPHONEOS_DEPLOYMENT_TARGET = 12.1;
				MTL_ENABLE_DEBUG_INFO = INCLUDE_SOURCE;
				MTL_FAST_MATH = YES;
				ONLY_ACTIVE_ARCH = YES;
				SDKROOT = iphoneos;
				SWIFT_ACTIVE_COMPILATION_CONDITIONS = DEBUG;
				SWIFT_OPTIMIZATION_LEVEL = "-Onone";
			};
			name = Debug;
		};
		ABB5DBFE223114570034A145 /* Release */ = {
			isa = XCBuildConfiguration;
			buildSettings = {
				ALWAYS_SEARCH_USER_PATHS = NO;
				CLANG_ANALYZER_NONNULL = YES;
				CLANG_ANALYZER_NUMBER_OBJECT_CONVERSION = YES_AGGRESSIVE;
				CLANG_CXX_LANGUAGE_STANDARD = "gnu++14";
				CLANG_CXX_LIBRARY = "libc++";
				CLANG_ENABLE_MODULES = YES;
				CLANG_ENABLE_OBJC_ARC = YES;
				CLANG_ENABLE_OBJC_WEAK = YES;
				CLANG_WARN_BLOCK_CAPTURE_AUTORELEASING = YES;
				CLANG_WARN_BOOL_CONVERSION = YES;
				CLANG_WARN_COMMA = YES;
				CLANG_WARN_CONSTANT_CONVERSION = YES;
				CLANG_WARN_DEPRECATED_OBJC_IMPLEMENTATIONS = YES;
				CLANG_WARN_DIRECT_OBJC_ISA_USAGE = YES_ERROR;
				CLANG_WARN_DOCUMENTATION_COMMENTS = YES;
				CLANG_WARN_EMPTY_BODY = YES;
				CLANG_WARN_ENUM_CONVERSION = YES;
				CLANG_WARN_INFINITE_RECURSION = YES;
				CLANG_WARN_INT_CONVERSION = YES;
				CLANG_WARN_NON_LITERAL_NULL_CONVERSION = YES;
				CLANG_WARN_OBJC_IMPLICIT_RETAIN_SELF = YES;
				CLANG_WARN_OBJC_LITERAL_CONVERSION = YES;
				CLANG_WARN_OBJC_ROOT_CLASS = YES_ERROR;
				CLANG_WARN_RANGE_LOOP_ANALYSIS = YES;
				CLANG_WARN_STRICT_PROTOTYPES = YES;
				CLANG_WARN_SUSPICIOUS_MOVE = YES;
				CLANG_WARN_UNGUARDED_AVAILABILITY = YES_AGGRESSIVE;
				CLANG_WARN_UNREACHABLE_CODE = YES;
				CLANG_WARN__DUPLICATE_METHOD_MATCH = YES;
				CODE_SIGN_IDENTITY = "iPhone Developer";
				COPY_PHASE_STRIP = NO;
				DEBUG_INFORMATION_FORMAT = "dwarf-with-dsym";
				ENABLE_NS_ASSERTIONS = NO;
				ENABLE_STRICT_OBJC_MSGSEND = YES;
				GCC_C_LANGUAGE_STANDARD = gnu11;
				GCC_NO_COMMON_BLOCKS = YES;
				GCC_WARN_64_TO_32_BIT_CONVERSION = YES;
				GCC_WARN_ABOUT_RETURN_TYPE = YES_ERROR;
				GCC_WARN_UNDECLARED_SELECTOR = YES;
				GCC_WARN_UNINITIALIZED_AUTOS = YES_AGGRESSIVE;
				GCC_WARN_UNUSED_FUNCTION = YES;
				GCC_WARN_UNUSED_VARIABLE = YES;
				IPHONEOS_DEPLOYMENT_TARGET = 12.1;
				MTL_ENABLE_DEBUG_INFO = NO;
				MTL_FAST_MATH = YES;
				SDKROOT = iphoneos;
				SWIFT_COMPILATION_MODE = wholemodule;
				SWIFT_OPTIMIZATION_LEVEL = "-O";
				VALIDATE_PRODUCT = YES;
			};
			name = Release;
		};
		ABB5DC00223114570034A145 /* Debug */ = {
			isa = XCBuildConfiguration;
			baseConfigurationReference = 5958DEEADE0CAEB29FCDF5BE /* Pods-FaceFeatureApp.debug.xcconfig */;
			buildSettings = {
				ASSETCATALOG_COMPILER_APPICON_NAME = AppIcon;
				CODE_SIGN_STYLE = Automatic;
				INFOPLIST_FILE = FaceFeatureApp/Info.plist;
				LD_RUNPATH_SEARCH_PATHS = (
					"$(inherited)",
					"@executable_path/Frameworks",
				);
				PRODUCT_BUNDLE_IDENTIFIER = bingo.prat14k.FaceFeatureApp;
				PRODUCT_NAME = "$(TARGET_NAME)";
				SWIFT_VERSION = 4.2;
				TARGETED_DEVICE_FAMILY = "1,2";
			};
			name = Debug;
		};
		ABB5DC01223114570034A145 /* Release */ = {
			isa = XCBuildConfiguration;
			baseConfigurationReference = BFA733F50A26AC41217E47C9 /* Pods-FaceFeatureApp.release.xcconfig */;
			buildSettings = {
				ASSETCATALOG_COMPILER_APPICON_NAME = AppIcon;
				CODE_SIGN_STYLE = Automatic;
				INFOPLIST_FILE = FaceFeatureApp/Info.plist;
				LD_RUNPATH_SEARCH_PATHS = (
					"$(inherited)",
					"@executable_path/Frameworks",
				);
				PRODUCT_BUNDLE_IDENTIFIER = bingo.prat14k.FaceFeatureApp;
				PRODUCT_NAME = "$(TARGET_NAME)";
				SWIFT_VERSION = 4.2;
				TARGETED_DEVICE_FAMILY = "1,2";
			};
			name = Release;
		};
/* End XCBuildConfiguration section */

/* Begin XCConfigurationList section */
		ABB5DBE8223114560034A145 /* Build configuration list for PBXProject "FaceFeatureApp" */ = {
			isa = XCConfigurationList;
			buildConfigurations = (
				ABB5DBFD223114570034A145 /* Debug */,
				ABB5DBFE223114570034A145 /* Release */,
			);
			defaultConfigurationIsVisible = 0;
			defaultConfigurationName = Release;
		};
		ABB5DBFF223114570034A145 /* Build configuration list for PBXNativeTarget "FaceFeatureApp" */ = {
			isa = XCConfigurationList;
			buildConfigurations = (
				ABB5DC00223114570034A145 /* Debug */,
				ABB5DC01223114570034A145 /* Release */,
			);
			defaultConfigurationIsVisible = 0;
			defaultConfigurationName = Release;
		};
/* End XCConfigurationList section */
	};
	rootObject = ABB5DBE5223114560034A145 /* Project object */;
}
